
Microsoft Visual Studio Solution File, Format Version 12.00
# Visual Studio Version 17
VisualStudioVersion = 17.11.35222.181
MinimumVisualStudioVersion = 10.0.40219.1
Project("{9A19103F-16F7-4668-BE54-9A1E7A4F7556}") = "MultiConv", "MultiConv.csproj", "{6B6ECDE5-7793-4FFC-8316-E25635DBA205}"
EndProject
Global
	GlobalSection(SolutionConfigurationPlatforms) = preSolution
		Debug|Any CPU = Debug|Any CPU
		Release|Any CPU = Release|Any CPU
	EndGlobalSection
	GlobalSection(ProjectConfigurationPlatforms) = postSolution
		{6B6ECDE5-7793-4FFC-8316-E25635DBA205}.Debug|Any CPU.ActiveCfg = Debug|Any CPU
		{6B6ECDE5-7793-4FFC-8316-E25635DBA205}.Debug|Any CPU.Build.0 = Debug|Any CPU
		{6B6ECDE5-7793-4FFC-8316-E25635DBA205}.Release|Any CPU.ActiveCfg = Release|Any CPU
		{6B6ECDE5-7793-4FFC-8316-E25635DBA205}.Release|Any CPU.Build.0 = Release|Any CPU
	EndGlobalSection
	GlobalSection(SolutionProperties) = preSolution
		HideSolutionNode = FALSE
	EndGlobalSection
	GlobalSection(ExtensibilityGlobals) = postSolution
		SolutionGuid = {48F7EB9E-1AAE-4448-A1D4-1980788963A1}
	EndGlobalSection
EndGlobal
